<?xml version="1.0" encoding="utf-8"?>
<Project ToolsVersion="4.0" xmlns="http://schemas.microsoft.com/developer/msbuild/2003">
  <ItemGroup>
    <Filter Include="헤더 파일">
      <UniqueIdentifier>{93995380-89BD-4b04-88EB-625FBE52EBFB}</UniqueIdentifier>
      <Extensions>h;hh;hpp;hxx;h++;hm;inl;inc;ipp;xsd</Extensions>
    </Filter>
    <Filter Include="리소스 파일">
      <UniqueIdentifier>{67DA6AB6-F800-4c08-8B7A-83BB121AAD01}</UniqueIdentifier>
      <Extensions>rc;ico;cur;bmp;dlg;rc2;rct;bin;rgs;gif;jpg;jpeg;jpe;resx;tiff;tif;png;wav;mfcribbon-ms</Extensions>
    </Filter>
    <Filter Include="Server_Main">
      <UniqueIdentifier>{4FC737F1-C7A5-4376-A066-2A32D752A2FF}</UniqueIdentifier>
      <Extensions>cpp;c;cc;cxx;c++;cppm;ixx;def;odl;idl;hpj;bat;asm;asmx</Extensions>
    </Filter>
    <Filter Include="WorkerThread">
      <UniqueIdentifier>{e92aa971-76ea-460a-ab53-d2a82317200c}</UniqueIdentifier>
    </Filter>
    <Filter Include="Common">
      <UniqueIdentifier>{a11d8e61-bf00-4ed6-a3a1-f85c2637abb2}</UniqueIdentifier>
    </Filter>
    <Filter Include="Server_Main\Framework">
      <UniqueIdentifier>{050e4f18-6741-4063-96f7-fc6460d46ac3}</UniqueIdentifier>
    </Filter>
    <Filter Include="Contents">
      <UniqueIdentifier>{1c56de23-0a5b-4fbd-be57-69f94b5d4231}</UniqueIdentifier>
    </Filter>
    <Filter Include="Contents\NPC">
      <UniqueIdentifier>{59e139e3-0219-476d-bb5e-554707048596}</UniqueIdentifier>
    </Filter>
    <Filter Include="Contents\Item">
      <UniqueIdentifier>{a008baf7-8168-4dfd-b767-963b97600b87}</UniqueIdentifier>
    </Filter>
  </ItemGroup>
  <ItemGroup>
    <ClCompile Include="WorkerThread.cpp">
      <Filter>WorkerThread</Filter>
    </ClCompile>
    <ClCompile Include="main.cpp">
      <Filter>Server_Main</Filter>
    </ClCompile>
    <ClCompile Include="Monster.cpp">
      <Filter>Contents\NPC</Filter>
    </ClCompile>
    <ClCompile Include="Item.cpp">
      <Filter>Contents\Item</Filter>
    </ClCompile>
    <ClCompile Include="ItemManager.cpp">
      <Filter>Contents\Item</Filter>
    </ClCompile>
    <ClCompile Include="MonsterManager.cpp">
      <Filter>Contents\NPC</Filter>
    </ClCompile>
  </ItemGroup>
  <ItemGroup>
    <ClInclude Include="WorkerThread.h">
      <Filter>WorkerThread</Filter>
    </ClInclude>
    <ClInclude Include="Common.h">
      <Filter>Common</Filter>
    </ClInclude>
    <ClInclude Include="pch.h">
      <Filter>Server_Main\Framework</Filter>
    </ClInclude>
    <ClInclude Include="Monster.h">
      <Filter>Contents\NPC</Filter>
    </ClInclude>
    <ClInclude Include="Item.h">
      <Filter>Contents\Item</Filter>
    </ClInclude>
    <ClInclude Include="ItemManager.h">
      <Filter>Contents\Item</Filter>
    </ClInclude>
    <ClInclude Include="MonsterManager.h">
      <Filter>Contents\NPC</Filter>
    </ClInclude>
  </ItemGroup>
</Project>